
Microsoft Visual Studio Solution File, Format Version 12.00
# Visual Studio Version 17
VisualStudioVersion = 17.14.36401.2 d17.14
MinimumVisualStudioVersion = 10.0.40219.1
Project("{FAE04EC0-301F-11D3-BF4B-00C04F79EFBC}") = "Hospital.PresentationLayer", "Hospital.PresentationLayer\Hospital.PresentationLayer.csproj", "{158DB5B9-2C69-47C7-9820-F8F339386213}"
EndProject
Project("{FAE04EC0-301F-11D3-BF4B-00C04F79EFBC}") = "Hospital.BLL", "Hospital.BLL\Hospital.BLL.csproj", "{C00BD940-8D6D-4E94-BC7A-88E62307D6EF}"
EndProject
Project("{FAE04EC0-301F-11D3-BF4B-00C04F79EFBC}") = "Hospital.DAL", "Hospital.DAL\Hospital.DAL.csproj", "{F6CCF447-6B97-4DB2-A616-24C00E547603}"
EndProject
Global
	GlobalSection(SolutionConfigurationPlatforms) = preSolution
		Debug|Any CPU = Debug|Any CPU
		Release|Any CPU = Release|Any CPU
	EndGlobalSection
	GlobalSection(ProjectConfigurationPlatforms) = postSolution
		{158DB5B9-2C69-47C7-9820-F8F339386213}.Debug|Any CPU.ActiveCfg = Debug|Any CPU
		{158DB5B9-2C69-47C7-9820-F8F339386213}.Debug|Any CPU.Build.0 = Debug|Any CPU
		{158DB5B9-2C69-47C7-9820-F8F339386213}.Release|Any CPU.ActiveCfg = Release|Any CPU
		{158DB5B9-2C69-47C7-9820-F8F339386213}.Release|Any CPU.Build.0 = Release|Any CPU
		{C00BD940-8D6D-4E94-BC7A-88E62307D6EF}.Debug|Any CPU.ActiveCfg = Debug|Any CPU
		{C00BD940-8D6D-4E94-BC7A-88E62307D6EF}.Debug|Any CPU.Build.0 = Debug|Any CPU
		{C00BD940-8D6D-4E94-BC7A-88E62307D6EF}.Release|Any CPU.ActiveCfg = Release|Any CPU
		{C00BD940-8D6D-4E94-BC7A-88E62307D6EF}.Release|Any CPU.Build.0 = Release|Any CPU
		{F6CCF447-6B97-4DB2-A616-24C00E547603}.Debug|Any CPU.ActiveCfg = Debug|Any CPU
		{F6CCF447-6B97-4DB2-A616-24C00E547603}.Debug|Any CPU.Build.0 = Debug|Any CPU
		{F6CCF447-6B97-4DB2-A616-24C00E547603}.Release|Any CPU.ActiveCfg = Release|Any CPU
		{F6CCF447-6B97-4DB2-A616-24C00E547603}.Release|Any CPU.Build.0 = Release|Any CPU
	EndGlobalSection
	GlobalSection(SolutionProperties) = preSolution
		HideSolutionNode = FALSE
	EndGlobalSection
	GlobalSection(ExtensibilityGlobals) = postSolution
		SolutionGuid = {D3D11B91-B761-45E4-8BB6-4E49B69924D1}
	EndGlobalSection
EndGlobal
